// !$*UTF8*$!
{
	archiveVersion = 1;
	classes = {
	};
	objectVersion = 55;
	objects = {

/* Begin PBXBuildFile section */
		CB8538B3282744460039F650 /* AppDelegate.swift in Sources */ = {isa = PBXBuildFile; fileRef = CB8538B2282744460039F650 /* AppDelegate.swift */; };
		CB8538B5282744460039F650 /* SceneDelegate.swift in Sources */ = {isa = PBXBuildFile; fileRef = CB8538B4282744460039F650 /* SceneDelegate.swift */; };
		CB8538B7282744460039F650 /* ViewController.swift in Sources */ = {isa = PBXBuildFile; fileRef = CB8538B6282744460039F650 /* ViewController.swift */; };
		CB8538BA282744460039F650 /* Main.storyboard in Resources */ = {isa = PBXBuildFile; fileRef = CB8538B8282744460039F650 /* Main.storyboard */; };
		CB8538BD282744460039F650 /* SertifikasiLibrary.xcdatamodeld in Sources */ = {isa = PBXBuildFile; fileRef = CB8538BB282744460039F650 /* SertifikasiLibrary.xcdatamodeld */; };
		CB8538BF2827444A0039F650 /* Assets.xcassets in Resources */ = {isa = PBXBuildFile; fileRef = CB8538BE2827444A0039F650 /* Assets.xcassets */; };
		CB8538C22827444A0039F650 /* LaunchScreen.storyboard in Resources */ = {isa = PBXBuildFile; fileRef = CB8538C02827444A0039F650 /* LaunchScreen.storyboard */; };
		CB8538CD2827444B0039F650 /* SertifikasiLibraryTests.swift in Sources */ = {isa = PBXBuildFile; fileRef = CB8538CC2827444B0039F650 /* SertifikasiLibraryTests.swift */; };
		CB8538D72827444B0039F650 /* SertifikasiLibraryUITests.swift in Sources */ = {isa = PBXBuildFile; fileRef = CB8538D62827444B0039F650 /* SertifikasiLibraryUITests.swift */; };
		CB8538D92827444B0039F650 /* SertifikasiLibraryUITestsLaunchTests.swift in Sources */ = {isa = PBXBuildFile; fileRef = CB8538D82827444B0039F650 /* SertifikasiLibraryUITestsLaunchTests.swift */; };
		CBB2D67C282753AF00962A04 /* ProductImage+CoreDataClass.swift in Sources */ = {isa = PBXBuildFile; fileRef = CBB2D67A282753AF00962A04 /* ProductImage+CoreDataClass.swift */; };
		CBB2D67D282753AF00962A04 /* ProductImage+CoreDataProperties.swift in Sources */ = {isa = PBXBuildFile; fileRef = CBB2D67B282753AF00962A04 /* ProductImage+CoreDataProperties.swift */; };
/* End PBXBuildFile section */

/* Begin PBXContainerItemProxy section */
		CB8538C92827444B0039F650 /* PBXContainerItemProxy */ = {
			isa = PBXContainerItemProxy;
			containerPortal = CB8538A7282744460039F650 /* Project object */;
			proxyType = 1;
			remoteGlobalIDString = CB8538AE282744460039F650;
			remoteInfo = SertifikasiLibrary;
		};
		CB8538D32827444B0039F650 /* PBXContainerItemProxy */ = {
			isa = PBXContainerItemProxy;
			containerPortal = CB8538A7282744460039F650 /* Project object */;
			proxyType = 1;
			remoteGlobalIDString = CB8538AE282744460039F650;
			remoteInfo = SertifikasiLibrary;
		};
/* End PBXContainerItemProxy section */

/* Begin PBXFileReference section */
		CB8538AF282744460039F650 /* SertifikasiLibrary.app */ = {isa = PBXFileReference; explicitFileType = wrapper.application; includeInIndex = 0; path = SertifikasiLibrary.app; sourceTree = BUILT_PRODUCTS_DIR; };
		CB8538B2282744460039F650 /* AppDelegate.swift */ = {isa = PBXFileReference; lastKnownFileType = sourcecode.swift; path = AppDelegate.swift; sourceTree = "<group>"; };
		CB8538B4282744460039F650 /* SceneDelegate.swift */ = {isa = PBXFileReference; lastKnownFileType = sourcecode.swift; path = SceneDelegate.swift; sourceTree = "<group>"; };
		CB8538B6282744460039F650 /* ViewController.swift */ = {isa = PBXFileReference; lastKnownFileType = sourcecode.swift; path = ViewController.swift; sourceTree = "<group>"; };
		CB8538B9282744460039F650 /* Base */ = {isa = PBXFileReference; lastKnownFileType = file.storyboard; name = Base; path = Base.lproj/Main.storyboard; sourceTree = "<group>"; };
		CB8538BC282744460039F650 /* SertifikasiLibrary.xcdatamodel */ = {isa = PBXFileReference; lastKnownFileType = wrapper.xcdatamodel; path = SertifikasiLibrary.xcdatamodel; sourceTree = "<group>"; };
		CB8538BE2827444A0039F650 /* Assets.xcassets */ = {isa = PBXFileReference; lastKnownFileType = folder.assetcatalog; path = Assets.xcassets; sourceTree = "<group>"; };
		CB8538C12827444A0039F650 /* Base */ = {isa = PBXFileReference; lastKnownFileType = file.storyboard; name = Base; path = Base.lproj/LaunchScreen.storyboard; sourceTree = "<group>"; };
		CB8538C32827444A0039F650 /* Info.plist */ = {isa = PBXFileReference; lastKnownFileType = text.plist.xml; path = Info.plist; sourceTree = "<group>"; };
		CB8538C82827444B0039F650 /* SertifikasiLibraryTests.xctest */ = {isa = PBXFileReference; explicitFileType = wrapper.cfbundle; includeInIndex = 0; path = SertifikasiLibraryTests.xctest; sourceTree = BUILT_PRODUCTS_DIR; };
		CB8538CC2827444B0039F650 /* SertifikasiLibraryTests.swift */ = {isa = PBXFileReference; lastKnownFileType = sourcecode.swift; path = SertifikasiLibraryTests.swift; sourceTree = "<group>"; };
		CB8538D22827444B0039F650 /* SertifikasiLibraryUITests.xctest */ = {isa = PBXFileReference; explicitFileType = wrapper.cfbundle; includeInIndex = 0; path = SertifikasiLibraryUITests.xctest; sourceTree = BUILT_PRODUCTS_DIR; };
		CB8538D62827444B0039F650 /* SertifikasiLibraryUITests.swift */ = {isa = PBXFileReference; lastKnownFileType = sourcecode.swift; path = SertifikasiLibraryUITests.swift; sourceTree = "<group>"; };
		CB8538D82827444B0039F650 /* SertifikasiLibraryUITestsLaunchTests.swift */ = {isa = PBXFileReference; lastKnownFileType = sourcecode.swift; path = SertifikasiLibraryUITestsLaunchTests.swift; sourceTree = "<group>"; };
		CBB2D67A282753AF00962A04 /* ProductImage+CoreDataClass.swift */ = {isa = PBXFileReference; lastKnownFileType = sourcecode.swift; path = "ProductImage+CoreDataClass.swift"; sourceTree = "<group>"; };
		CBB2D67B282753AF00962A04 /* ProductImage+CoreDataProperties.swift */ = {isa = PBXFileReference; lastKnownFileType = sourcecode.swift; path = "ProductImage+CoreDataProperties.swift"; sourceTree = "<group>"; };
/* End PBXFileReference section */

/* Begin PBXFrameworksBuildPhase section */
		CB8538AC282744460039F650 /* Frameworks */ = {
			isa = PBXFrameworksBuildPhase;
			buildActionMask = 2147483647;
			files = (
			);
			runOnlyForDeploymentPostprocessing = 0;
		};
		CB8538C52827444B0039F650 /* Frameworks */ = {
			isa = PBXFrameworksBuildPhase;
			buildActionMask = 2147483647;
			files = (
			);
			runOnlyForDeploymentPostprocessing = 0;
		};
		CB8538CF2827444B0039F650 /* Frameworks */ = {
			isa = PBXFrameworksBuildPhase;
			buildActionMask = 2147483647;
			files = (
			);
			runOnlyForDeploymentPostprocessing = 0;
		};
/* End PBXFrameworksBuildPhase section */

/* Begin PBXGroup section */
		CB8538A6282744460039F650 = {
			isa = PBXGroup;
			children = (
				CB8538B1282744460039F650 /* SertifikasiLibrary */,
				CB8538CB2827444B0039F650 /* SertifikasiLibraryTests */,
				CB8538D52827444B0039F650 /* SertifikasiLibraryUITests */,
				CB8538B0282744460039F650 /* Products */,
			);
			sourceTree = "<group>";
		};
		CB8538B0282744460039F650 /* Products */ = {
			isa = PBXGroup;
			children = (
				CB8538AF282744460039F650 /* SertifikasiLibrary.app */,
				CB8538C82827444B0039F650 /* SertifikasiLibraryTests.xctest */,
				CB8538D22827444B0039F650 /* SertifikasiLibraryUITests.xctest */,
			);
			name = Products;
			sourceTree = "<group>";
		};
		CB8538B1282744460039F650 /* SertifikasiLibrary */ = {
			isa = PBXGroup;
			children = (
				CB8538B2282744460039F650 /* AppDelegate.swift */,
				CB8538B4282744460039F650 /* SceneDelegate.swift */,
				CB8538E72827494F0039F650 /* Model */,
				CB8538E6282749390039F650 /* Controller */,
				CB8538E5282749310039F650 /* View */,
				CB8538BE2827444A0039F650 /* Assets.xcassets */,
				CB8538C32827444A0039F650 /* Info.plist */,
			);
			path = SertifikasiLibrary;
			sourceTree = "<group>";
		};
		CB8538CB2827444B0039F650 /* SertifikasiLibraryTests */ = {
			isa = PBXGroup;
			children = (
				CB8538CC2827444B0039F650 /* SertifikasiLibraryTests.swift */,
			);
			path = SertifikasiLibraryTests;
			sourceTree = "<group>";
		};
		CB8538D52827444B0039F650 /* SertifikasiLibraryUITests */ = {
			isa = PBXGroup;
			children = (
				CB8538D62827444B0039F650 /* SertifikasiLibraryUITests.swift */,
				CB8538D82827444B0039F650 /* SertifikasiLibraryUITestsLaunchTests.swift */,
			);
			path = SertifikasiLibraryUITests;
			sourceTree = "<group>";
		};
		CB8538E5282749310039F650 /* View */ = {
			isa = PBXGroup;
			children = (
				CB8538B8282744460039F650 /* Main.storyboard */,
				CB8538C02827444A0039F650 /* LaunchScreen.storyboard */,
			);
			path = View;
			sourceTree = "<group>";
		};
		CB8538E6282749390039F650 /* Controller */ = {
			isa = PBXGroup;
			children = (
				CB8538B6282744460039F650 /* ViewController.swift */,
			);
			path = Controller;
			sourceTree = "<group>";
		};
		CB8538E72827494F0039F650 /* Model */ = {
			isa = PBXGroup;
			children = (
				CBB2D67A282753AF00962A04 /* ProductImage+CoreDataClass.swift */,
				CBB2D67B282753AF00962A04 /* ProductImage+CoreDataProperties.swift */,
				CB8538BB282744460039F650 /* SertifikasiLibrary.xcdatamodeld */,
			);
			path = Model;
			sourceTree = "<group>";
		};
/* End PBXGroup section */

/* Begin PBXNativeTarget section */
		CB8538AE282744460039F650 /* SertifikasiLibrary */ = {
			isa = PBXNativeTarget;
			buildConfigurationList = CB8538DC2827444B0039F650 /* Build configuration list for PBXNativeTarget "SertifikasiLibrary" */;
			buildPhases = (
				CB8538AB282744460039F650 /* Sources */,
				CB8538AC282744460039F650 /* Frameworks */,
				CB8538AD282744460039F650 /* Resources */,
			);
			buildRules = (
			);
			dependencies = (
			);
			name = SertifikasiLibrary;
			productName = SertifikasiLibrary;
			productReference = CB8538AF282744460039F650 /* SertifikasiLibrary.app */;
			productType = "com.apple.product-type.application";
		};
		CB8538C72827444B0039F650 /* SertifikasiLibraryTests */ = {
			isa = PBXNativeTarget;
			buildConfigurationList = CB8538DF2827444B0039F650 /* Build configuration list for PBXNativeTarget "SertifikasiLibraryTests" */;
			buildPhases = (
				CB8538C42827444B0039F650 /* Sources */,
				CB8538C52827444B0039F650 /* Frameworks */,
				CB8538C62827444B0039F650 /* Resources */,
			);
			buildRules = (
			);
			dependencies = (
				CB8538CA2827444B0039F650 /* PBXTargetDependency */,
			);
			name = SertifikasiLibraryTests;
			productName = SertifikasiLibraryTests;
			productReference = CB8538C82827444B0039F650 /* SertifikasiLibraryTests.xctest */;
			productType = "com.apple.product-type.bundle.unit-test";
		};
		CB8538D12827444B0039F650 /* SertifikasiLibraryUITests */ = {
			isa = PBXNativeTarget;
			buildConfigurationList = CB8538E22827444B0039F650 /* Build configuration list for PBXNativeTarget "SertifikasiLibraryUITests" */;
			buildPhases = (
				CB8538CE2827444B0039F650 /* Sources */,
				CB8538CF2827444B0039F650 /* Frameworks */,
				CB8538D02827444B0039F650 /* Resources */,
			);
			buildRules = (
			);
			dependencies = (
				CB8538D42827444B0039F650 /* PBXTargetDependency */,
			);
			name = SertifikasiLibraryUITests;
			productName = SertifikasiLibraryUITests;
			productReference = CB8538D22827444B0039F650 /* SertifikasiLibraryUITests.xctest */;
			productType = "com.apple.product-type.bundle.ui-testing";
		};
/* End PBXNativeTarget section */

/* Begin PBXProject section */
		CB8538A7282744460039F650 /* Project object */ = {
			isa = PBXProject;
			attributes = {
				BuildIndependentTargetsInParallel = 1;
				LastSwiftUpdateCheck = 1330;
				LastUpgradeCheck = 1330;
				TargetAttributes = {
					CB8538AE282744460039F650 = {
						CreatedOnToolsVersion = 13.3.1;
					};
					CB8538C72827444B0039F650 = {
						CreatedOnToolsVersion = 13.3.1;
						TestTargetID = CB8538AE282744460039F650;
					};
					CB8538D12827444B0039F650 = {
						CreatedOnToolsVersion = 13.3.1;
						TestTargetID = CB8538AE282744460039F650;
					};
				};
			};
			buildConfigurationList = CB8538AA282744460039F650 /* Build configuration list for PBXProject "SertifikasiLibrary" */;
			compatibilityVersion = "Xcode 13.0";
			developmentRegion = en;
			hasScannedForEncodings = 0;
			knownRegions = (
				en,
				Base,
			);
			mainGroup = CB8538A6282744460039F650;
			productRefGroup = CB8538B0282744460039F650 /* Products */;
			projectDirPath = "";
			projectRoot = "";
			targets = (
				CB8538AE282744460039F650 /* SertifikasiLibrary */,
				CB8538C72827444B0039F650 /* SertifikasiLibraryTests */,
				CB8538D12827444B0039F650 /* SertifikasiLibraryUITests */,
			);
		};
/* End PBXProject section */

/* Begin PBXResourcesBuildPhase section */
		CB8538AD282744460039F650 /* Resources */ = {
			isa = PBXResourcesBuildPhase;
			buildActionMask = 2147483647;
			files = (
				CB8538C22827444A0039F650 /* LaunchScreen.storyboard in Resources */,
				CB8538BF2827444A0039F650 /* Assets.xcassets in Resources */,
				CB8538BA282744460039F650 /* Main.storyboard in Resources */,
			);
			runOnlyForDeploymentPostprocessing = 0;
		};
		CB8538C62827444B0039F650 /* Resources */ = {
			isa = PBXResourcesBuildPhase;
			buildActionMask = 2147483647;
			files = (
			);
			runOnlyForDeploymentPostprocessing = 0;
		};
		CB8538D02827444B0039F650 /* Resources */ = {
			isa = PBXResourcesBuildPhase;
			buildActionMask = 2147483647;
			files = (
			);
			runOnlyForDeploymentPostprocessing = 0;
		};
/* End PBXResourcesBuildPhase section */

/* Begin PBXSourcesBuildPhase section */
		CB8538AB282744460039F650 /* Sources */ = {
			isa = PBXSourcesBuildPhase;
			buildActionMask = 2147483647;
			files = (
				CB8538B7282744460039F650 /* ViewController.swift in Sources */,
				CBB2D67D282753AF00962A04 /* ProductImage+CoreDataProperties.swift in Sources */,
				CBB2D67C282753AF00962A04 /* ProductImage+CoreDataClass.swift in Sources */,
				CB8538B3282744460039F650 /* AppDelegate.swift in Sources */,
				CB8538BD282744460039F650 /* SertifikasiLibrary.xcdatamodeld in Sources */,
				CB8538B5282744460039F650 /* SceneDelegate.swift in Sources */,
			);
			runOnlyForDeploymentPostprocessing = 0;
		};
		CB8538C42827444B0039F650 /* Sources */ = {
			isa = PBXSourcesBuildPhase;
			buildActionMask = 2147483647;
			files = (
				CB8538CD2827444B0039F650 /* SertifikasiLibraryTests.swift in Sources */,
			);
			runOnlyForDeploymentPostprocessing = 0;
		};
		CB8538CE2827444B0039F650 /* Sources */ = {
			isa = PBXSourcesBuildPhase;
			buildActionMask = 2147483647;
			files = (
				CB8538D72827444B0039F650 /* SertifikasiLibraryUITests.swift in Sources */,
				CB8538D92827444B0039F650 /* SertifikasiLibraryUITestsLaunchTests.swift in Sources */,
			);
			runOnlyForDeploymentPostprocessing = 0;
		};
/* End PBXSourcesBuildPhase section */

/* Begin PBXTargetDependency section */
		CB8538CA2827444B0039F650 /* PBXTargetDependency */ = {
			isa = PBXTargetDependency;
			target = CB8538AE282744460039F650 /* SertifikasiLibrary */;
			targetProxy = CB8538C92827444B0039F650 /* PBXContainerItemProxy */;
		};
		CB8538D42827444B0039F650 /* PBXTargetDependency */ = {
			isa = PBXTargetDependency;
			target = CB8538AE282744460039F650 /* SertifikasiLibrary */;
			targetProxy = CB8538D32827444B0039F650 /* PBXContainerItemProxy */;
		};
/* End PBXTargetDependency section */

/* Begin PBXVariantGroup section */
		CB8538B8282744460039F650 /* Main.storyboard */ = {
			isa = PBXVariantGroup;
			children = (
				CB8538B9282744460039F650 /* Base */,
			);
			name = Main.storyboard;
			sourceTree = "<group>";
		};
		CB8538C02827444A0039F650 /* LaunchScreen.storyboard */ = {
			isa = PBXVariantGroup;
			children = (
				CB8538C12827444A0039F650 /* Base */,
			);
			name = LaunchScreen.storyboard;
			sourceTree = "<group>";
		};
/* End PBXVariantGroup section */

/* Begin XCBuildConfiguration section */
		CB8538DA2827444B0039F650 /* Debug */ = {
			isa = XCBuildConfiguration;
			buildSettings = {
				ALWAYS_SEARCH_USER_PATHS = NO;
				CLANG_ANALYZER_NONNULL = YES;
				CLANG_ANALYZER_NUMBER_OBJECT_CONVERSION = YES_AGGRESSIVE;
				CLANG_CXX_LANGUAGE_STANDARD = "gnu++17";
				CLANG_ENABLE_MODULES = YES;
				CLANG_ENABLE_OBJC_ARC = YES;
				CLANG_ENABLE_OBJC_WEAK = YES;
				CLANG_WARN_BLOCK_CAPTURE_AUTORELEASING = YES;
				CLANG_WARN_BOOL_CONVERSION = YES;
				CLANG_WARN_COMMA = YES;
				CLANG_WARN_CONSTANT_CONVERSION = YES;
				CLANG_WARN_DEPRECATED_OBJC_IMPLEMENTATIONS = YES;
				CLANG_WARN_DIRECT_OBJC_ISA_USAGE = YES_ERROR;
				CLANG_WARN_DOCUMENTATION_COMMENTS = YES;
				CLANG_WARN_EMPTY_BODY = YES;
				CLANG_WARN_ENUM_CONVERSION = YES;
				CLANG_WARN_INFINITE_RECURSION = YES;
				CLANG_WARN_INT_CONVERSION = YES;
				CLANG_WARN_NON_LITERAL_NULL_CONVERSION = YES;
				CLANG_WARN_OBJC_IMPLICIT_RETAIN_SELF = YES;
				CLANG_WARN_OBJC_LITERAL_CONVERSION = YES;
				CLANG_WARN_OBJC_ROOT_CLASS = YES_ERROR;
				CLANG_WARN_QUOTED_INCLUDE_IN_FRAMEWORK_HEADER = YES;
				CLANG_WARN_RANGE_LOOP_ANALYSIS = YES;
				CLANG_WARN_STRICT_PROTOTYPES = YES;
				CLANG_WARN_SUSPICIOUS_MOVE = YES;
				CLANG_WARN_UNGUARDED_AVAILABILITY = YES_AGGRESSIVE;
				CLANG_WARN_UNREACHABLE_CODE = YES;
				CLANG_WARN__DUPLICATE_METHOD_MATCH = YES;
				COPY_PHASE_STRIP = NO;
				DEBUG_INFORMATION_FORMAT = dwarf;
				ENABLE_STRICT_OBJC_MSGSEND = YES;
				ENABLE_TESTABILITY = YES;
				GCC_C_LANGUAGE_STANDARD = gnu11;
				GCC_DYNAMIC_NO_PIC = NO;
				GCC_NO_COMMON_BLOCKS = YES;
				GCC_OPTIMIZATION_LEVEL = 0;
				GCC_PREPROCESSOR_DEFINITIONS = (
					"DEBUG=1",
					"$(inherited)",
				);
				GCC_WARN_64_TO_32_BIT_CONVERSION = YES;
				GCC_WARN_ABOUT_RETURN_TYPE = YES_ERROR;
				GCC_WARN_UNDECLARED_SELECTOR = YES;
				GCC_WARN_UNINITIALIZED_AUTOS = YES_AGGRESSIVE;
				GCC_WARN_UNUSED_FUNCTION = YES;
				GCC_WARN_UNUSED_VARIABLE = YES;
				IPHONEOS_DEPLOYMENT_TARGET = 15.4;
				MTL_ENABLE_DEBUG_INFO = INCLUDE_SOURCE;
				MTL_FAST_MATH = YES;
				ONLY_ACTIVE_ARCH = YES;
				SDKROOT = iphoneos;
				SWIFT_ACTIVE_COMPILATION_CONDITIONS = DEBUG;
				SWIFT_OPTIMIZATION_LEVEL = "-Onone";
			};
			name = Debug;
		};
		CB8538DB2827444B0039F650 /* Release */ = {
			isa = XCBuildConfiguration;
			buildSettings = {
				ALWAYS_SEARCH_USER_PATHS = NO;
				CLANG_ANALYZER_NONNULL = YES;
				CLANG_ANALYZER_NUMBER_OBJECT_CONVERSION = YES_AGGRESSIVE;
				CLANG_CXX_LANGUAGE_STANDARD = "gnu++17";
				CLANG_ENABLE_MODULES = YES;
				CLANG_ENABLE_OBJC_ARC = YES;
				CLANG_ENABLE_OBJC_WEAK = YES;
				CLANG_WARN_BLOCK_CAPTURE_AUTORELEASING = YES;
				CLANG_WARN_BOOL_CONVERSION = YES;
				CLANG_WARN_COMMA = YES;
				CLANG_WARN_CONSTANT_CONVERSION = YES;
				CLANG_WARN_DEPRECATED_OBJC_IMPLEMENTATIONS = YES;
				CLANG_WARN_DIRECT_OBJC_ISA_USAGE = YES_ERROR;
				CLANG_WARN_DOCUMENTATION_COMMENTS = YES;
				CLANG_WARN_EMPTY_BODY = YES;
				CLANG_WARN_ENUM_CONVERSION = YES;
				CLANG_WARN_INFINITE_RECURSION = YES;
				CLANG_WARN_INT_CONVERSION = YES;
				CLANG_WARN_NON_LITERAL_NULL_CONVERSION = YES;
				CLANG_WARN_OBJC_IMPLICIT_RETAIN_SELF = YES;
				CLANG_WARN_OBJC_LITERAL_CONVERSION = YES;
				CLANG_WARN_OBJC_ROOT_CLASS = YES_ERROR;
				CLANG_WARN_QUOTED_INCLUDE_IN_FRAMEWORK_HEADER = YES;
				CLANG_WARN_RANGE_LOOP_ANALYSIS = YES;
				CLANG_WARN_STRICT_PROTOTYPES = YES;
				CLANG_WARN_SUSPICIOUS_MOVE = YES;
				CLANG_WARN_UNGUARDED_AVAILABILITY = YES_AGGRESSIVE;
				CLANG_WARN_UNREACHABLE_CODE = YES;
				CLANG_WARN__DUPLICATE_METHOD_MATCH = YES;
				COPY_PHASE_STRIP = NO;
				DEBUG_INFORMATION_FORMAT = "dwarf-with-dsym";
				ENABLE_NS_ASSERTIONS = NO;
				ENABLE_STRICT_OBJC_MSGSEND = YES;
				GCC_C_LANGUAGE_STANDARD = gnu11;
				GCC_NO_COMMON_BLOCKS = YES;
				GCC_WARN_64_TO_32_BIT_CONVERSION = YES;
				GCC_WARN_ABOUT_RETURN_TYPE = YES_ERROR;
				GCC_WARN_UNDECLARED_SELECTOR = YES;
				GCC_WARN_UNINITIALIZED_AUTOS = YES_AGGRESSIVE;
				GCC_WARN_UNUSED_FUNCTION = YES;
				GCC_WARN_UNUSED_VARIABLE = YES;
				IPHONEOS_DEPLOYMENT_TARGET = 15.4;
				MTL_ENABLE_DEBUG_INFO = NO;
				MTL_FAST_MATH = YES;
				SDKROOT = iphoneos;
				SWIFT_COMPILATION_MODE = wholemodule;
				SWIFT_OPTIMIZATION_LEVEL = "-O";
				VALIDATE_PRODUCT = YES;
			};
			name = Release;
		};
		CB8538DD2827444B0039F650 /* Debug */ = {
			isa = XCBuildConfiguration;
			buildSettings = {
				ASSETCATALOG_COMPILER_APPICON_NAME = AppIcon;
				ASSETCATALOG_COMPILER_GLOBAL_ACCENT_COLOR_NAME = AccentColor;
				CODE_SIGN_STYLE = Automatic;
				CURRENT_PROJECT_VERSION = 1;
				DEVELOPMENT_TEAM = U5UKWPSQ9L;
				GENERATE_INFOPLIST_FILE = YES;
				INFOPLIST_FILE = SertifikasiLibrary/Info.plist;
				INFOPLIST_KEY_UIApplicationSupportsIndirectInputEvents = YES;
				INFOPLIST_KEY_UILaunchStoryboardName = LaunchScreen;
				INFOPLIST_KEY_UIMainStoryboardFile = Main;
				INFOPLIST_KEY_UISupportedInterfaceOrientations_iPad = "UIInterfaceOrientationPortrait UIInterfaceOrientationPortraitUpsideDown UIInterfaceOrientationLandscapeLeft UIInterfaceOrientationLandscapeRight";
				INFOPLIST_KEY_UISupportedInterfaceOrientations_iPhone = "UIInterfaceOrientationPortrait UIInterfaceOrientationLandscapeLeft UIInterfaceOrientationLandscapeRight";
				LD_RUNPATH_SEARCH_PATHS = (
					"$(inherited)",
					"@executable_path/Frameworks",
				);
				MARKETING_VERSION = 1.0;
				PRODUCT_BUNDLE_IDENTIFIER = com.ciputra.sertifikasi.SertifikasiLibrary;
				PRODUCT_NAME = "$(TARGET_NAME)";
				SWIFT_EMIT_LOC_STRINGS = YES;
				SWIFT_VERSION = 5.0;
				TARGETED_DEVICE_FAMILY = "1,2";
			};
			name = Debug;
		};
		CB8538DE2827444B0039F650 /* Release */ = {
			isa = XCBuildConfiguration;
			buildSettings = {
				ASSETCATALOG_COMPILER_APPICON_NAME = AppIcon;
				ASSETCATALOG_COMPILER_GLOBAL_ACCENT_COLOR_NAME = AccentColor;
				CODE_SIGN_STYLE = Automatic;
				CURRENT_PROJECT_VERSION = 1;
				DEVELOPMENT_TEAM = U5UKWPSQ9L;
				GENERATE_INFOPLIST_FILE = YES;
				INFOPLIST_FILE = SertifikasiLibrary/Info.plist;
				INFOPLIST_KEY_UIApplicationSupportsIndirectInputEvents = YES;
				INFOPLIST_KEY_UILaunchStoryboardName = LaunchScreen;
				INFOPLIST_KEY_UIMainStoryboardFile = Main;
				INFOPLIST_KEY_UISupportedInterfaceOrientations_iPad = "UIInterfaceOrientationPortrait UIInterfaceOrientationPortraitUpsideDown UIInterfaceOrientationLandscapeLeft UIInterfaceOrientationLandscapeRight";
				INFOPLIST_KEY_UISupportedInterfaceOrientations_iPhone = "UIInterfaceOrientationPortrait UIInterfaceOrientationLandscapeLeft UIInterfaceOrientationLandscapeRight";
				LD_RUNPATH_SEARCH_PATHS = (
					"$(inherited)",
					"@executable_path/Frameworks",
				);
				MARKETING_VERSION = 1.0;
				PRODUCT_BUNDLE_IDENTIFIER = com.ciputra.sertifikasi.SertifikasiLibrary;
				PRODUCT_NAME = "$(TARGET_NAME)";
				SWIFT_EMIT_LOC_STRINGS = YES;
				SWIFT_VERSION = 5.0;
				TARGETED_DEVICE_FAMILY = "1,2";
			};
			name = Release;
		};
		CB8538E02827444B0039F650 /* Debug */ = {
			isa = XCBuildConfiguration;
			buildSettings = {
				ALWAYS_EMBED_SWIFT_STANDARD_LIBRARIES = YES;
				BUNDLE_LOADER = "$(TEST_HOST)";
				CODE_SIGN_STYLE = Automatic;
				CURRENT_PROJECT_VERSION = 1;
				DEVELOPMENT_TEAM = U5UKWPSQ9L;
				GENERATE_INFOPLIST_FILE = YES;
				IPHONEOS_DEPLOYMENT_TARGET = 15.4;
				MARKETING_VERSION = 1.0;
				PRODUCT_BUNDLE_IDENTIFIER = com.ciputra.sertifikasi.SertifikasiLibraryTests;
				PRODUCT_NAME = "$(TARGET_NAME)";
				SWIFT_EMIT_LOC_STRINGS = NO;
				SWIFT_VERSION = 5.0;
				TARGETED_DEVICE_FAMILY = "1,2";
				TEST_HOST = "$(BUILT_PRODUCTS_DIR)/SertifikasiLibrary.app/SertifikasiLibrary";
			};
			name = Debug;
		};
		CB8538E12827444B0039F650 /* Release */ = {
			isa = XCBuildConfiguration;
			buildSettings = {
				ALWAYS_EMBED_SWIFT_STANDARD_LIBRARIES = YES;
				BUNDLE_LOADER = "$(TEST_HOST)";
				CODE_SIGN_STYLE = Automatic;
				CURRENT_PROJECT_VERSION = 1;
				DEVELOPMENT_TEAM = U5UKWPSQ9L;
				GENERATE_INFOPLIST_FILE = YES;
				IPHONEOS_DEPLOYMENT_TARGET = 15.4;
				MARKETING_VERSION = 1.0;
				PRODUCT_BUNDLE_IDENTIFIER = com.ciputra.sertifikasi.SertifikasiLibraryTests;
				PRODUCT_NAME = "$(TARGET_NAME)";
				SWIFT_EMIT_LOC_STRINGS = NO;
				SWIFT_VERSION = 5.0;
				TARGETED_DEVICE_FAMILY = "1,2";
				TEST_HOST = "$(BUILT_PRODUCTS_DIR)/SertifikasiLibrary.app/SertifikasiLibrary";
			};
			name = Release;
		};
		CB8538E32827444B0039F650 /* Debug */ = {
			isa = XCBuildConfiguration;
			buildSettings = {
				ALWAYS_EMBED_SWIFT_STANDARD_LIBRARIES = YES;
				CODE_SIGN_STYLE = Automatic;
				CURRENT_PROJECT_VERSION = 1;
				DEVELOPMENT_TEAM = U5UKWPSQ9L;
				GENERATE_INFOPLIST_FILE = YES;
				MARKETING_VERSION = 1.0;
				PRODUCT_BUNDLE_IDENTIFIER = com.ciputra.sertifikasi.SertifikasiLibraryUITests;
				PRODUCT_NAME = "$(TARGET_NAME)";
				SWIFT_EMIT_LOC_STRINGS = NO;
				SWIFT_VERSION = 5.0;
				TARGETED_DEVICE_FAMILY = "1,2";
				TEST_TARGET_NAME = SertifikasiLibrary;
			};
			name = Debug;
		};
		CB8538E42827444B0039F650 /* Release */ = {
			isa = XCBuildConfiguration;
			buildSettings = {
				ALWAYS_EMBED_SWIFT_STANDARD_LIBRARIES = YES;
				CODE_SIGN_STYLE = Automatic;
				CURRENT_PROJECT_VERSION = 1;
				DEVELOPMENT_TEAM = U5UKWPSQ9L;
				GENERATE_INFOPLIST_FILE = YES;
				MARKETING_VERSION = 1.0;
				PRODUCT_BUNDLE_IDENTIFIER = com.ciputra.sertifikasi.SertifikasiLibraryUITests;
				PRODUCT_NAME = "$(TARGET_NAME)";
				SWIFT_EMIT_LOC_STRINGS = NO;
				SWIFT_VERSION = 5.0;
				TARGETED_DEVICE_FAMILY = "1,2";
				TEST_TARGET_NAME = SertifikasiLibrary;
			};
			name = Release;
		};
/* End XCBuildConfiguration section */

/* Begin XCConfigurationList section */
		CB8538AA282744460039F650 /* Build configuration list for PBXProject "SertifikasiLibrary" */ = {
			isa = XCConfigurationList;
			buildConfigurations = (
				CB8538DA2827444B0039F650 /* Debug */,
				CB8538DB2827444B0039F650 /* Release */,
			);
			defaultConfigurationIsVisible = 0;
			defaultConfigurationName = Release;
		};
		CB8538DC2827444B0039F650 /* Build configuration list for PBXNativeTarget "SertifikasiLibrary" */ = {
			isa = XCConfigurationList;
			buildConfigurations = (
				CB8538DD2827444B0039F650 /* Debug */,
				CB8538DE2827444B0039F650 /* Release */,
			);
			defaultConfigurationIsVisible = 0;
			defaultConfigurationName = Release;
		};
		CB8538DF2827444B0039F650 /* Build configuration list for PBXNativeTarget "SertifikasiLibraryTests" */ = {
			isa = XCConfigurationList;
			buildConfigurations = (
				CB8538E02827444B0039F650 /* Debug */,
				CB8538E12827444B0039F650 /* Release */,
			);
			defaultConfigurationIsVisible = 0;
			defaultConfigurationName = Release;
		};
		CB8538E22827444B0039F650 /* Build configuration list for PBXNativeTarget "SertifikasiLibraryUITests" */ = {
			isa = XCConfigurationList;
			buildConfigurations = (
				CB8538E32827444B0039F650 /* Debug */,
				CB8538E42827444B0039F650 /* Release */,
			);
			defaultConfigurationIsVisible = 0;
			defaultConfigurationName = Release;
		};
/* End XCConfigurationList section */

/* Begin XCVersionGroup section */
		CB8538BB282744460039F650 /* SertifikasiLibrary.xcdatamodeld */ = {
			isa = XCVersionGroup;
			children = (
				CB8538BC282744460039F650 /* SertifikasiLibrary.xcdatamodel */,
			);
			currentVersion = CB8538BC282744460039F650 /* SertifikasiLibrary.xcdatamodel */;
			path = SertifikasiLibrary.xcdatamodeld;
			sourceTree = "<group>";
			versionGroupType = wrapper.xcdatamodel;
		};
/* End XCVersionGroup section */
	};
	rootObject = CB8538A7282744460039F650 /* Project object */;
}
